// !$*UTF8*$!
{
	archiveVersion = 1;
	classes = {
	};
	objectVersion = 50;
	objects = {

/* Begin PBXBuildFile section */
		544FB7FA2306503800A8D997 /* AppDelegate.swift in Sources */ = {isa = PBXBuildFile; fileRef = 544FB7F92306503800A8D997 /* AppDelegate.swift */; };
		544FB7FC2306503800A8D997 /* MainController.swift in Sources */ = {isa = PBXBuildFile; fileRef = 544FB7FB2306503800A8D997 /* MainController.swift */; };
		544FB8012306503900A8D997 /* Assets.xcassets in Resources */ = {isa = PBXBuildFile; fileRef = 544FB8002306503900A8D997 /* Assets.xcassets */; };
		544FB8042306503900A8D997 /* LaunchScreen.storyboard in Resources */ = {isa = PBXBuildFile; fileRef = 544FB8022306503900A8D997 /* LaunchScreen.storyboard */; };
		544FB80C2306523B00A8D997 /* IView.swift in Sources */ = {isa = PBXBuildFile; fileRef = 544FB80B2306523B00A8D997 /* IView.swift */; };
		544FB80E2306527C00A8D997 /* IPresenter.swift in Sources */ = {isa = PBXBuildFile; fileRef = 544FB80D2306527C00A8D997 /* IPresenter.swift */; };
		544FB813230653CC00A8D997 /* BaseController.swift in Sources */ = {isa = PBXBuildFile; fileRef = 544FB812230653CC00A8D997 /* BaseController.swift */; };
		544FB816230654B100A8D997 /* String+Extensions.swift in Sources */ = {isa = PBXBuildFile; fileRef = 544FB815230654B100A8D997 /* String+Extensions.swift */; };
		544FB81F230657EE00A8D997 /* MVPView.swift in Sources */ = {isa = PBXBuildFile; fileRef = 544FB81E230657EE00A8D997 /* MVPView.swift */; };
		544FB821230659B900A8D997 /* MVPController.swift in Sources */ = {isa = PBXBuildFile; fileRef = 544FB820230659B900A8D997 /* MVPController.swift */; };
		54B88716230BDE4D003E8CA4 /* BaseTableViewCell.swift in Sources */ = {isa = PBXBuildFile; fileRef = 54B88715230BDE4D003E8CA4 /* BaseTableViewCell.swift */; };
		54B88718230BE013003E8CA4 /* PaginatedTableView.swift in Sources */ = {isa = PBXBuildFile; fileRef = 54B88717230BE013003E8CA4 /* PaginatedTableView.swift */; };
		54B8871B230BE5A7003E8CA4 /* DetailTableViewCell.swift in Sources */ = {isa = PBXBuildFile; fileRef = 54B88719230BE5A7003E8CA4 /* DetailTableViewCell.swift */; };
		54B8871C230BE5A7003E8CA4 /* DetailTableViewCell.xib in Resources */ = {isa = PBXBuildFile; fileRef = 54B8871A230BE5A7003E8CA4 /* DetailTableViewCell.xib */; };
		54B8871E230BE63A003E8CA4 /* UITableView+Extensions.swift in Sources */ = {isa = PBXBuildFile; fileRef = 54B8871D230BE63A003E8CA4 /* UITableView+Extensions.swift */; };
		54B88720230BE946003E8CA4 /* UICollectionView+Extensions.swift in Sources */ = {isa = PBXBuildFile; fileRef = 54B8871F230BE946003E8CA4 /* UICollectionView+Extensions.swift */; };
		54B88722230BE9FC003E8CA4 /* BaseCollectionViewCell.swift in Sources */ = {isa = PBXBuildFile; fileRef = 54B88721230BE9FC003E8CA4 /* BaseCollectionViewCell.swift */; };
		54B88728230C004A003E8CA4 /* BaseLoadMoreCell.swift in Sources */ = {isa = PBXBuildFile; fileRef = 54B88726230C004A003E8CA4 /* BaseLoadMoreCell.swift */; };
		54B88729230C004A003E8CA4 /* BaseLoadMoreCell.xib in Resources */ = {isa = PBXBuildFile; fileRef = 54B88727230C004A003E8CA4 /* BaseLoadMoreCell.xib */; };
		54B8872B230C0F72003E8CA4 /* BaseNavigationController.swift in Sources */ = {isa = PBXBuildFile; fileRef = 54B8872A230C0F72003E8CA4 /* BaseNavigationController.swift */; };
		54B8872D230C0FA2003E8CA4 /* SwipeNavigationController.swift in Sources */ = {isa = PBXBuildFile; fileRef = 54B8872C230C0FA2003E8CA4 /* SwipeNavigationController.swift */; };
		54B8873D230C1403003E8CA4 /* ParameterEncoding.swift in Sources */ = {isa = PBXBuildFile; fileRef = 54B88730230C1402003E8CA4 /* ParameterEncoding.swift */; };
		54B8873E230C1403003E8CA4 /* URLParameterEncoding.swift in Sources */ = {isa = PBXBuildFile; fileRef = 54B88731230C1402003E8CA4 /* URLParameterEncoding.swift */; };
		54B8873F230C1403003E8CA4 /* JSONParameterEncoder.swift in Sources */ = {isa = PBXBuildFile; fileRef = 54B88732230C1402003E8CA4 /* JSONParameterEncoder.swift */; };
		54B88740230C1403003E8CA4 /* Localizable.strings in Resources */ = {isa = PBXBuildFile; fileRef = 54B88734230C1402003E8CA4 /* Localizable.strings */; };
		54B88741230C1403003E8CA4 /* NetworkDefaultMessageError.swift in Sources */ = {isa = PBXBuildFile; fileRef = 54B88736230C1402003E8CA4 /* NetworkDefaultMessageError.swift */; };
		54B88742230C1403003E8CA4 /* HTTPTask.swift in Sources */ = {isa = PBXBuildFile; fileRef = 54B88738230C1402003E8CA4 /* HTTPTask.swift */; };
		54B88743230C1403003E8CA4 /* HTTPMethod.swift in Sources */ = {isa = PBXBuildFile; fileRef = 54B88739230C1402003E8CA4 /* HTTPMethod.swift */; };
		54B88744230C1403003E8CA4 /* Router.swift in Sources */ = {isa = PBXBuildFile; fileRef = 54B8873A230C1402003E8CA4 /* Router.swift */; };
		54B88745230C1403003E8CA4 /* NetworkLogger.swift in Sources */ = {isa = PBXBuildFile; fileRef = 54B8873B230C1402003E8CA4 /* NetworkLogger.swift */; };
		54B88746230C1403003E8CA4 /* EndPointType.swift in Sources */ = {isa = PBXBuildFile; fileRef = 54B8873C230C1402003E8CA4 /* EndPointType.swift */; };
		54B8874A230CECDD003E8CA4 /* EnvConfiguration.plist in Resources */ = {isa = PBXBuildFile; fileRef = 54B88749230CECDD003E8CA4 /* EnvConfiguration.plist */; };
		54B8874C230CED09003E8CA4 /* APIConstant.swift in Sources */ = {isa = PBXBuildFile; fileRef = 54B8874B230CED09003E8CA4 /* APIConstant.swift */; };
		54B8874E230CEDC9003E8CA4 /* BaseRequest.swift in Sources */ = {isa = PBXBuildFile; fileRef = 54B8874D230CEDC9003E8CA4 /* BaseRequest.swift */; };
		54B88750230CEDE8003E8CA4 /* MessageError.swift in Sources */ = {isa = PBXBuildFile; fileRef = 54B8874F230CEDE8003E8CA4 /* MessageError.swift */; };
		54B88754230CEEE2003E8CA4 /* AccountSession.swift in Sources */ = {isa = PBXBuildFile; fileRef = 54B88753230CEEE2003E8CA4 /* AccountSession.swift */; };
		54B88756230CEF02003E8CA4 /* LoginRequest.swift in Sources */ = {isa = PBXBuildFile; fileRef = 54B88755230CEF02003E8CA4 /* LoginRequest.swift */; };
		54C03458230A9DD00037B1FF /* NibLoadableView.swift in Sources */ = {isa = PBXBuildFile; fileRef = 54C03457230A9DD00037B1FF /* NibLoadableView.swift */; };
		54C0345A230A9DE50037B1FF /* ReuseableView.swift in Sources */ = {isa = PBXBuildFile; fileRef = 54C03459230A9DE50037B1FF /* ReuseableView.swift */; };
		54C0345C230A9F260037B1FF /* UIView+Extensions.swift in Sources */ = {isa = PBXBuildFile; fileRef = 54C0345B230A9F260037B1FF /* UIView+Extensions.swift */; };
		54C03460230AA9C00037B1FF /* DetailController.swift in Sources */ = {isa = PBXBuildFile; fileRef = 54C0345F230AA9C00037B1FF /* DetailController.swift */; };
		54C03462230AA9D20037B1FF /* DetailView.swift in Sources */ = {isa = PBXBuildFile; fileRef = 54C03461230AA9D20037B1FF /* DetailView.swift */; };
		54C03464230AA9D90037B1FF /* DetailView.xib in Resources */ = {isa = PBXBuildFile; fileRef = 54C03463230AA9D90037B1FF /* DetailView.xib */; };
		54C03467230AACFD0037B1FF /* ICommand.swift in Sources */ = {isa = PBXBuildFile; fileRef = 54C03466230AACFD0037B1FF /* ICommand.swift */; };
		54D63D822306CBFA00C5F25C /* MainView.swift in Sources */ = {isa = PBXBuildFile; fileRef = 54D63D812306CBFA00C5F25C /* MainView.swift */; };
		54D63D842306CC9D00C5F25C /* MainView.xib in Resources */ = {isa = PBXBuildFile; fileRef = 54D63D832306CC9D00C5F25C /* MainView.xib */; };
/* End PBXBuildFile section */

/* Begin PBXFileReference section */
		544FB7F62306503800A8D997 /* BaseMVP.app */ = {isa = PBXFileReference; explicitFileType = wrapper.application; includeInIndex = 0; path = BaseMVP.app; sourceTree = BUILT_PRODUCTS_DIR; };
		544FB7F92306503800A8D997 /* AppDelegate.swift */ = {isa = PBXFileReference; lastKnownFileType = sourcecode.swift; path = AppDelegate.swift; sourceTree = "<group>"; };
		544FB7FB2306503800A8D997 /* MainController.swift */ = {isa = PBXFileReference; lastKnownFileType = sourcecode.swift; path = MainController.swift; sourceTree = "<group>"; };
		544FB8002306503900A8D997 /* Assets.xcassets */ = {isa = PBXFileReference; lastKnownFileType = folder.assetcatalog; path = Assets.xcassets; sourceTree = "<group>"; };
		544FB8032306503900A8D997 /* Base */ = {isa = PBXFileReference; lastKnownFileType = file.storyboard; name = Base; path = Base.lproj/LaunchScreen.storyboard; sourceTree = "<group>"; };
		544FB8052306503900A8D997 /* Info.plist */ = {isa = PBXFileReference; lastKnownFileType = text.plist.xml; path = Info.plist; sourceTree = "<group>"; };
		544FB80B2306523B00A8D997 /* IView.swift */ = {isa = PBXFileReference; lastKnownFileType = sourcecode.swift; path = IView.swift; sourceTree = "<group>"; };
		544FB80D2306527C00A8D997 /* IPresenter.swift */ = {isa = PBXFileReference; lastKnownFileType = sourcecode.swift; path = IPresenter.swift; sourceTree = "<group>"; };
		544FB812230653CC00A8D997 /* BaseController.swift */ = {isa = PBXFileReference; lastKnownFileType = sourcecode.swift; path = BaseController.swift; sourceTree = "<group>"; };
		544FB815230654B100A8D997 /* String+Extensions.swift */ = {isa = PBXFileReference; lastKnownFileType = sourcecode.swift; path = "String+Extensions.swift"; sourceTree = "<group>"; };
		544FB81E230657EE00A8D997 /* MVPView.swift */ = {isa = PBXFileReference; lastKnownFileType = sourcecode.swift; path = MVPView.swift; sourceTree = "<group>"; };
		544FB820230659B900A8D997 /* MVPController.swift */ = {isa = PBXFileReference; lastKnownFileType = sourcecode.swift; path = MVPController.swift; sourceTree = "<group>"; };
		54B88715230BDE4D003E8CA4 /* BaseTableViewCell.swift */ = {isa = PBXFileReference; lastKnownFileType = sourcecode.swift; path = BaseTableViewCell.swift; sourceTree = "<group>"; };
		54B88717230BE013003E8CA4 /* PaginatedTableView.swift */ = {isa = PBXFileReference; lastKnownFileType = sourcecode.swift; path = PaginatedTableView.swift; sourceTree = "<group>"; };
		54B88719230BE5A7003E8CA4 /* DetailTableViewCell.swift */ = {isa = PBXFileReference; lastKnownFileType = sourcecode.swift; path = DetailTableViewCell.swift; sourceTree = "<group>"; };
		54B8871A230BE5A7003E8CA4 /* DetailTableViewCell.xib */ = {isa = PBXFileReference; lastKnownFileType = file.xib; path = DetailTableViewCell.xib; sourceTree = "<group>"; };
		54B8871D230BE63A003E8CA4 /* UITableView+Extensions.swift */ = {isa = PBXFileReference; lastKnownFileType = sourcecode.swift; path = "UITableView+Extensions.swift"; sourceTree = "<group>"; };
		54B8871F230BE946003E8CA4 /* UICollectionView+Extensions.swift */ = {isa = PBXFileReference; lastKnownFileType = sourcecode.swift; path = "UICollectionView+Extensions.swift"; sourceTree = "<group>"; };
		54B88721230BE9FC003E8CA4 /* BaseCollectionViewCell.swift */ = {isa = PBXFileReference; lastKnownFileType = sourcecode.swift; path = BaseCollectionViewCell.swift; sourceTree = "<group>"; };
		54B88726230C004A003E8CA4 /* BaseLoadMoreCell.swift */ = {isa = PBXFileReference; lastKnownFileType = sourcecode.swift; path = BaseLoadMoreCell.swift; sourceTree = "<group>"; };
		54B88727230C004A003E8CA4 /* BaseLoadMoreCell.xib */ = {isa = PBXFileReference; lastKnownFileType = file.xib; path = BaseLoadMoreCell.xib; sourceTree = "<group>"; };
		54B8872A230C0F72003E8CA4 /* BaseNavigationController.swift */ = {isa = PBXFileReference; lastKnownFileType = sourcecode.swift; path = BaseNavigationController.swift; sourceTree = "<group>"; };
		54B8872C230C0FA2003E8CA4 /* SwipeNavigationController.swift */ = {isa = PBXFileReference; lastKnownFileType = sourcecode.swift; path = SwipeNavigationController.swift; sourceTree = "<group>"; };
		54B88730230C1402003E8CA4 /* ParameterEncoding.swift */ = {isa = PBXFileReference; fileEncoding = 4; lastKnownFileType = sourcecode.swift; path = ParameterEncoding.swift; sourceTree = "<group>"; };
		54B88731230C1402003E8CA4 /* URLParameterEncoding.swift */ = {isa = PBXFileReference; fileEncoding = 4; lastKnownFileType = sourcecode.swift; path = URLParameterEncoding.swift; sourceTree = "<group>"; };
		54B88732230C1402003E8CA4 /* JSONParameterEncoder.swift */ = {isa = PBXFileReference; fileEncoding = 4; lastKnownFileType = sourcecode.swift; path = JSONParameterEncoder.swift; sourceTree = "<group>"; };
		54B88735230C1402003E8CA4 /* en */ = {isa = PBXFileReference; lastKnownFileType = text.plist.strings; name = en; path = en.lproj/Localizable.strings; sourceTree = "<group>"; };
		54B88736230C1402003E8CA4 /* NetworkDefaultMessageError.swift */ = {isa = PBXFileReference; fileEncoding = 4; lastKnownFileType = sourcecode.swift; path = NetworkDefaultMessageError.swift; sourceTree = "<group>"; };
		54B88738230C1402003E8CA4 /* HTTPTask.swift */ = {isa = PBXFileReference; fileEncoding = 4; lastKnownFileType = sourcecode.swift; path = HTTPTask.swift; sourceTree = "<group>"; };
		54B88739230C1402003E8CA4 /* HTTPMethod.swift */ = {isa = PBXFileReference; fileEncoding = 4; lastKnownFileType = sourcecode.swift; path = HTTPMethod.swift; sourceTree = "<group>"; };
		54B8873A230C1402003E8CA4 /* Router.swift */ = {isa = PBXFileReference; fileEncoding = 4; lastKnownFileType = sourcecode.swift; path = Router.swift; sourceTree = "<group>"; };
		54B8873B230C1402003E8CA4 /* NetworkLogger.swift */ = {isa = PBXFileReference; fileEncoding = 4; lastKnownFileType = sourcecode.swift; path = NetworkLogger.swift; sourceTree = "<group>"; };
		54B8873C230C1402003E8CA4 /* EndPointType.swift */ = {isa = PBXFileReference; fileEncoding = 4; lastKnownFileType = sourcecode.swift; path = EndPointType.swift; sourceTree = "<group>"; };
		54B88749230CECDD003E8CA4 /* EnvConfiguration.plist */ = {isa = PBXFileReference; lastKnownFileType = text.plist.xml; path = EnvConfiguration.plist; sourceTree = "<group>"; };
		54B8874B230CED09003E8CA4 /* APIConstant.swift */ = {isa = PBXFileReference; lastKnownFileType = sourcecode.swift; path = APIConstant.swift; sourceTree = "<group>"; };
		54B8874D230CEDC9003E8CA4 /* BaseRequest.swift */ = {isa = PBXFileReference; lastKnownFileType = sourcecode.swift; path = BaseRequest.swift; sourceTree = "<group>"; };
		54B8874F230CEDE8003E8CA4 /* MessageError.swift */ = {isa = PBXFileReference; lastKnownFileType = sourcecode.swift; path = MessageError.swift; sourceTree = "<group>"; };
		54B88753230CEEE2003E8CA4 /* AccountSession.swift */ = {isa = PBXFileReference; lastKnownFileType = sourcecode.swift; path = AccountSession.swift; sourceTree = "<group>"; };
		54B88755230CEF02003E8CA4 /* LoginRequest.swift */ = {isa = PBXFileReference; lastKnownFileType = sourcecode.swift; path = LoginRequest.swift; sourceTree = "<group>"; };
		54C03457230A9DD00037B1FF /* NibLoadableView.swift */ = {isa = PBXFileReference; lastKnownFileType = sourcecode.swift; path = NibLoadableView.swift; sourceTree = "<group>"; };
		54C03459230A9DE50037B1FF /* ReuseableView.swift */ = {isa = PBXFileReference; lastKnownFileType = sourcecode.swift; path = ReuseableView.swift; sourceTree = "<group>"; };
		54C0345B230A9F260037B1FF /* UIView+Extensions.swift */ = {isa = PBXFileReference; lastKnownFileType = sourcecode.swift; path = "UIView+Extensions.swift"; sourceTree = "<group>"; };
		54C0345F230AA9C00037B1FF /* DetailController.swift */ = {isa = PBXFileReference; lastKnownFileType = sourcecode.swift; path = DetailController.swift; sourceTree = "<group>"; };
		54C03461230AA9D20037B1FF /* DetailView.swift */ = {isa = PBXFileReference; lastKnownFileType = sourcecode.swift; path = DetailView.swift; sourceTree = "<group>"; };
		54C03463230AA9D90037B1FF /* DetailView.xib */ = {isa = PBXFileReference; lastKnownFileType = file.xib; path = DetailView.xib; sourceTree = "<group>"; };
		54C03466230AACFD0037B1FF /* ICommand.swift */ = {isa = PBXFileReference; lastKnownFileType = sourcecode.swift; path = ICommand.swift; sourceTree = "<group>"; };
		54D63D812306CBFA00C5F25C /* MainView.swift */ = {isa = PBXFileReference; lastKnownFileType = sourcecode.swift; path = MainView.swift; sourceTree = "<group>"; };
		54D63D832306CC9D00C5F25C /* MainView.xib */ = {isa = PBXFileReference; lastKnownFileType = file.xib; path = MainView.xib; sourceTree = "<group>"; };
/* End PBXFileReference section */

/* Begin PBXFrameworksBuildPhase section */
		544FB7F32306503800A8D997 /* Frameworks */ = {
			isa = PBXFrameworksBuildPhase;
			buildActionMask = 2147483647;
			files = (
			);
			runOnlyForDeploymentPostprocessing = 0;
		};
/* End PBXFrameworksBuildPhase section */

/* Begin PBXGroup section */
		544FB7ED2306503800A8D997 = {
			isa = PBXGroup;
			children = (
				544FB7F82306503800A8D997 /* BaseMVP */,
				544FB7F72306503800A8D997 /* Products */,
			);
			sourceTree = "<group>";
		};
		544FB7F72306503800A8D997 /* Products */ = {
			isa = PBXGroup;
			children = (
				544FB7F62306503800A8D997 /* BaseMVP.app */,
			);
			name = Products;
			sourceTree = "<group>";
		};
		544FB7F82306503800A8D997 /* BaseMVP */ = {
			isa = PBXGroup;
			children = (
				54C03465230AAC3C0037B1FF /* Base */,
				544FB7F92306503800A8D997 /* AppDelegate.swift */,
				54B88748230CECCA003E8CA4 /* Services */,
				54B88747230CEC96003E8CA4 /* Presenter */,
				544FB8002306503900A8D997 /* Assets.xcassets */,
				544FB8022306503900A8D997 /* LaunchScreen.storyboard */,
				544FB8052306503900A8D997 /* Info.plist */,
			);
			path = BaseMVP;
			sourceTree = "<group>";
		};
		544FB811230653B900A8D997 /* Common */ = {
			isa = PBXGroup;
			children = (
				54B8872E230C1402003E8CA4 /* Networking */,
				54C03456230A9DC30037B1FF /* ReusableView */,
				544FB8142306549500A8D997 /* Extensions */,
				544FB812230653CC00A8D997 /* BaseController.swift */,
				54B88715230BDE4D003E8CA4 /* BaseTableViewCell.swift */,
				54B8872A230C0F72003E8CA4 /* BaseNavigationController.swift */,
				54B8872C230C0FA2003E8CA4 /* SwipeNavigationController.swift */,
				54B88721230BE9FC003E8CA4 /* BaseCollectionViewCell.swift */,
				54B88725230C0021003E8CA4 /* PaginatedTableView */,
			);
			path = Common;
			sourceTree = "<group>";
		};
		544FB8142306549500A8D997 /* Extensions */ = {
			isa = PBXGroup;
			children = (
				544FB815230654B100A8D997 /* String+Extensions.swift */,
				54C0345B230A9F260037B1FF /* UIView+Extensions.swift */,
				54B8871D230BE63A003E8CA4 /* UITableView+Extensions.swift */,
				54B8871F230BE946003E8CA4 /* UICollectionView+Extensions.swift */,
			);
			path = Extensions;
			sourceTree = "<group>";
		};
		544FB81C230657CF00A8D997 /* MVPComponent */ = {
			isa = PBXGroup;
			children = (
				544FB81D230657DE00A8D997 /* View */,
				544FB820230659B900A8D997 /* MVPController.swift */,
			);
			path = MVPComponent;
			sourceTree = "<group>";
		};
		544FB81D230657DE00A8D997 /* View */ = {
			isa = PBXGroup;
			children = (
				544FB81E230657EE00A8D997 /* MVPView.swift */,
			);
			path = View;
			sourceTree = "<group>";
		};
		54B88725230C0021003E8CA4 /* PaginatedTableView */ = {
			isa = PBXGroup;
			children = (
				54B88717230BE013003E8CA4 /* PaginatedTableView.swift */,
				54B88726230C004A003E8CA4 /* BaseLoadMoreCell.swift */,
				54B88727230C004A003E8CA4 /* BaseLoadMoreCell.xib */,
			);
			path = PaginatedTableView;
			sourceTree = "<group>";
		};
		54B8872E230C1402003E8CA4 /* Networking */ = {
			isa = PBXGroup;
			children = (
				54B8872F230C1402003E8CA4 /* Encoding */,
				54B88733230C1402003E8CA4 /* Support */,
				54B88737230C1402003E8CA4 /* Service */,
			);
			path = Networking;
			sourceTree = "<group>";
		};
		54B8872F230C1402003E8CA4 /* Encoding */ = {
			isa = PBXGroup;
			children = (
				54B88730230C1402003E8CA4 /* ParameterEncoding.swift */,
				54B88731230C1402003E8CA4 /* URLParameterEncoding.swift */,
				54B88732230C1402003E8CA4 /* JSONParameterEncoder.swift */,
			);
			path = Encoding;
			sourceTree = "<group>";
		};
		54B88733230C1402003E8CA4 /* Support */ = {
			isa = PBXGroup;
			children = (
				54B88734230C1402003E8CA4 /* Localizable.strings */,
				54B88736230C1402003E8CA4 /* NetworkDefaultMessageError.swift */,
			);
			path = Support;
			sourceTree = "<group>";
		};
		54B88737230C1402003E8CA4 /* Service */ = {
			isa = PBXGroup;
			children = (
				54B88738230C1402003E8CA4 /* HTTPTask.swift */,
				54B88739230C1402003E8CA4 /* HTTPMethod.swift */,
				54B8873A230C1402003E8CA4 /* Router.swift */,
				54B8873B230C1402003E8CA4 /* NetworkLogger.swift */,
				54B8873C230C1402003E8CA4 /* EndPointType.swift */,
			);
			path = Service;
			sourceTree = "<group>";
		};
		54B88747230CEC96003E8CA4 /* Presenter */ = {
			isa = PBXGroup;
			children = (
				54C0345E230AA9B50037B1FF /* Detail */,
				54C0345D230AA9A90037B1FF /* Main */,
			);
			path = Presenter;
			sourceTree = "<group>";
		};
		54B88748230CECCA003E8CA4 /* Services */ = {
			isa = PBXGroup;
			children = (
				54B88749230CECDD003E8CA4 /* EnvConfiguration.plist */,
				54B8874B230CED09003E8CA4 /* APIConstant.swift */,
				54B8874D230CEDC9003E8CA4 /* BaseRequest.swift */,
				54B8874F230CEDE8003E8CA4 /* MessageError.swift */,
				54B88751230CEDFE003E8CA4 /* API */,
			);
			path = Services;
			sourceTree = "<group>";
		};
		54B88751230CEDFE003E8CA4 /* API */ = {
			isa = PBXGroup;
			children = (
				54B88752230CEEB4003E8CA4 /* Authentication */,
			);
			path = API;
			sourceTree = "<group>";
		};
		54B88752230CEEB4003E8CA4 /* Authentication */ = {
			isa = PBXGroup;
			children = (
				54B88753230CEEE2003E8CA4 /* AccountSession.swift */,
				54B88755230CEF02003E8CA4 /* LoginRequest.swift */,
			);
			path = Authentication;
			sourceTree = "<group>";
		};
		54C03456230A9DC30037B1FF /* ReusableView */ = {
			isa = PBXGroup;
			children = (
				54C03457230A9DD00037B1FF /* NibLoadableView.swift */,
				54C03459230A9DE50037B1FF /* ReuseableView.swift */,
			);
			path = ReusableView;
			sourceTree = "<group>";
		};
		54C0345D230AA9A90037B1FF /* Main */ = {
			isa = PBXGroup;
			children = (
				544FB7FB2306503800A8D997 /* MainController.swift */,
				54D63D832306CC9D00C5F25C /* MainView.xib */,
				54D63D812306CBFA00C5F25C /* MainView.swift */,
			);
			path = Main;
			sourceTree = "<group>";
		};
		54C0345E230AA9B50037B1FF /* Detail */ = {
			isa = PBXGroup;
			children = (
				54C0345F230AA9C00037B1FF /* DetailController.swift */,
				54B88719230BE5A7003E8CA4 /* DetailTableViewCell.swift */,
				54B8871A230BE5A7003E8CA4 /* DetailTableViewCell.xib */,
				54C03461230AA9D20037B1FF /* DetailView.swift */,
				54C03463230AA9D90037B1FF /* DetailView.xib */,
			);
			path = Detail;
			sourceTree = "<group>";
		};
		54C03465230AAC3C0037B1FF /* Base */ = {
			isa = PBXGroup;
			children = (
				544FB811230653B900A8D997 /* Common */,
				544FB81C230657CF00A8D997 /* MVPComponent */,
				544FB80B2306523B00A8D997 /* IView.swift */,
				544FB80D2306527C00A8D997 /* IPresenter.swift */,
				54C03466230AACFD0037B1FF /* ICommand.swift */,
			);
			path = Base;
			sourceTree = "<group>";
		};
/* End PBXGroup section */

/* Begin PBXNativeTarget section */
		544FB7F52306503800A8D997 /* BaseMVP */ = {
			isa = PBXNativeTarget;
			buildConfigurationList = 544FB8082306503900A8D997 /* Build configuration list for PBXNativeTarget "BaseMVP" */;
			buildPhases = (
				544FB7F22306503800A8D997 /* Sources */,
				544FB7F32306503800A8D997 /* Frameworks */,
				544FB7F42306503800A8D997 /* Resources */,
			);
			buildRules = (
			);
			dependencies = (
			);
			name = BaseMVP;
			productName = BaseMVP;
			productReference = 544FB7F62306503800A8D997 /* BaseMVP.app */;
			productType = "com.apple.product-type.application";
		};
/* End PBXNativeTarget section */

/* Begin PBXProject section */
		544FB7EE2306503800A8D997 /* Project object */ = {
			isa = PBXProject;
			attributes = {
				LastSwiftUpdateCheck = 1020;
				LastUpgradeCheck = 1020;
				ORGANIZATIONNAME = ChungTV;
				TargetAttributes = {
					544FB7F52306503800A8D997 = {
						CreatedOnToolsVersion = 10.2.1;
					};
				};
			};
			buildConfigurationList = 544FB7F12306503800A8D997 /* Build configuration list for PBXProject "BaseMVP" */;
			compatibilityVersion = "Xcode 9.3";
			developmentRegion = en;
			hasScannedForEncodings = 0;
			knownRegions = (
				en,
				Base,
			);
			mainGroup = 544FB7ED2306503800A8D997;
			productRefGroup = 544FB7F72306503800A8D997 /* Products */;
			projectDirPath = "";
			projectRoot = "";
			targets = (
				544FB7F52306503800A8D997 /* BaseMVP */,
			);
		};
/* End PBXProject section */

/* Begin PBXResourcesBuildPhase section */
		544FB7F42306503800A8D997 /* Resources */ = {
			isa = PBXResourcesBuildPhase;
			buildActionMask = 2147483647;
			files = (
				54B88729230C004A003E8CA4 /* BaseLoadMoreCell.xib in Resources */,
				54B8874A230CECDD003E8CA4 /* EnvConfiguration.plist in Resources */,
				54D63D842306CC9D00C5F25C /* MainView.xib in Resources */,
				54B8871C230BE5A7003E8CA4 /* DetailTableViewCell.xib in Resources */,
				54B88740230C1403003E8CA4 /* Localizable.strings in Resources */,
				54C03464230AA9D90037B1FF /* DetailView.xib in Resources */,
				544FB8042306503900A8D997 /* LaunchScreen.storyboard in Resources */,
				544FB8012306503900A8D997 /* Assets.xcassets in Resources */,
			);
			runOnlyForDeploymentPostprocessing = 0;
		};
/* End PBXResourcesBuildPhase section */

/* Begin PBXSourcesBuildPhase section */
		544FB7F22306503800A8D997 /* Sources */ = {
			isa = PBXSourcesBuildPhase;
			buildActionMask = 2147483647;
			files = (
				54B8872B230C0F72003E8CA4 /* BaseNavigationController.swift in Sources */,
				54B8871B230BE5A7003E8CA4 /* DetailTableViewCell.swift in Sources */,
				54B8873E230C1403003E8CA4 /* URLParameterEncoding.swift in Sources */,
				54C03467230AACFD0037B1FF /* ICommand.swift in Sources */,
				54C0345A230A9DE50037B1FF /* ReuseableView.swift in Sources */,
				54B88746230C1403003E8CA4 /* EndPointType.swift in Sources */,
				54B88744230C1403003E8CA4 /* Router.swift in Sources */,
				544FB816230654B100A8D997 /* String+Extensions.swift in Sources */,
				54B88716230BDE4D003E8CA4 /* BaseTableViewCell.swift in Sources */,
				54B8872D230C0FA2003E8CA4 /* SwipeNavigationController.swift in Sources */,
				54B8874E230CEDC9003E8CA4 /* BaseRequest.swift in Sources */,
				54B88743230C1403003E8CA4 /* HTTPMethod.swift in Sources */,
				544FB80E2306527C00A8D997 /* IPresenter.swift in Sources */,
				54D63D822306CBFA00C5F25C /* MainView.swift in Sources */,
				54C0345C230A9F260037B1FF /* UIView+Extensions.swift in Sources */,
				54B88722230BE9FC003E8CA4 /* BaseCollectionViewCell.swift in Sources */,
				544FB7FC2306503800A8D997 /* MainController.swift in Sources */,
				54C03458230A9DD00037B1FF /* NibLoadableView.swift in Sources */,
				54B88718230BE013003E8CA4 /* PaginatedTableView.swift in Sources */,
				54C03460230AA9C00037B1FF /* DetailController.swift in Sources */,
				54B88720230BE946003E8CA4 /* UICollectionView+Extensions.swift in Sources */,
				54B88756230CEF02003E8CA4 /* LoginRequest.swift in Sources */,
				544FB80C2306523B00A8D997 /* IView.swift in Sources */,
				54B88754230CEEE2003E8CA4 /* AccountSession.swift in Sources */,
				54B8873D230C1403003E8CA4 /* ParameterEncoding.swift in Sources */,
				544FB813230653CC00A8D997 /* BaseController.swift in Sources */,
				544FB7FA2306503800A8D997 /* AppDelegate.swift in Sources */,
				54B8871E230BE63A003E8CA4 /* UITableView+Extensions.swift in Sources */,
				54B88745230C1403003E8CA4 /* NetworkLogger.swift in Sources */,
				54B88741230C1403003E8CA4 /* NetworkDefaultMessageError.swift in Sources */,
				54B88750230CEDE8003E8CA4 /* MessageError.swift in Sources */,
				54B88742230C1403003E8CA4 /* HTTPTask.swift in Sources */,
				54B8874C230CED09003E8CA4 /* APIConstant.swift in Sources */,
				544FB821230659B900A8D997 /* MVPController.swift in Sources */,
				54B8873F230C1403003E8CA4 /* JSONParameterEncoder.swift in Sources */,
				54C03462230AA9D20037B1FF /* DetailView.swift in Sources */,
				54B88728230C004A003E8CA4 /* BaseLoadMoreCell.swift in Sources */,
				544FB81F230657EE00A8D997 /* MVPView.swift in Sources */,
			);
			runOnlyForDeploymentPostprocessing = 0;
		};
/* End PBXSourcesBuildPhase section */

/* Begin PBXVariantGroup section */
		544FB8022306503900A8D997 /* LaunchScreen.storyboard */ = {
			isa = PBXVariantGroup;
			children = (
				544FB8032306503900A8D997 /* Base */,
			);
			name = LaunchScreen.storyboard;
			sourceTree = "<group>";
		};
		54B88734230C1402003E8CA4 /* Localizable.strings */ = {
			isa = PBXVariantGroup;
			children = (
				54B88735230C1402003E8CA4 /* en */,
			);
			name = Localizable.strings;
			sourceTree = "<group>";
		};
/* End PBXVariantGroup section */

/* Begin XCBuildConfiguration section */
		544FB8062306503900A8D997 /* Debug */ = {
			isa = XCBuildConfiguration;
			buildSettings = {
				ALWAYS_SEARCH_USER_PATHS = NO;
				CLANG_ANALYZER_NONNULL = YES;
				CLANG_ANALYZER_NUMBER_OBJECT_CONVERSION = YES_AGGRESSIVE;
				CLANG_CXX_LANGUAGE_STANDARD = "gnu++14";
				CLANG_CXX_LIBRARY = "libc++";
				CLANG_ENABLE_MODULES = YES;
				CLANG_ENABLE_OBJC_ARC = YES;
				CLANG_ENABLE_OBJC_WEAK = YES;
				CLANG_WARN_BLOCK_CAPTURE_AUTORELEASING = YES;
				CLANG_WARN_BOOL_CONVERSION = YES;
				CLANG_WARN_COMMA = YES;
				CLANG_WARN_CONSTANT_CONVERSION = YES;
				CLANG_WARN_DEPRECATED_OBJC_IMPLEMENTATIONS = YES;
				CLANG_WARN_DIRECT_OBJC_ISA_USAGE = YES_ERROR;
				CLANG_WARN_DOCUMENTATION_COMMENTS = YES;
				CLANG_WARN_EMPTY_BODY = YES;
				CLANG_WARN_ENUM_CONVERSION = YES;
				CLANG_WARN_INFINITE_RECURSION = YES;
				CLANG_WARN_INT_CONVERSION = YES;
				CLANG_WARN_NON_LITERAL_NULL_CONVERSION = YES;
				CLANG_WARN_OBJC_IMPLICIT_RETAIN_SELF = YES;
				CLANG_WARN_OBJC_LITERAL_CONVERSION = YES;
				CLANG_WARN_OBJC_ROOT_CLASS = YES_ERROR;
				CLANG_WARN_RANGE_LOOP_ANALYSIS = YES;
				CLANG_WARN_STRICT_PROTOTYPES = YES;
				CLANG_WARN_SUSPICIOUS_MOVE = YES;
				CLANG_WARN_UNGUARDED_AVAILABILITY = YES_AGGRESSIVE;
				CLANG_WARN_UNREACHABLE_CODE = YES;
				CLANG_WARN__DUPLICATE_METHOD_MATCH = YES;
				CODE_SIGN_IDENTITY = "iPhone Developer";
				COPY_PHASE_STRIP = NO;
				DEBUG_INFORMATION_FORMAT = dwarf;
				ENABLE_STRICT_OBJC_MSGSEND = YES;
				ENABLE_TESTABILITY = YES;
				GCC_C_LANGUAGE_STANDARD = gnu11;
				GCC_DYNAMIC_NO_PIC = NO;
				GCC_NO_COMMON_BLOCKS = YES;
				GCC_OPTIMIZATION_LEVEL = 0;
				GCC_PREPROCESSOR_DEFINITIONS = (
					"DEBUG=1",
					"$(inherited)",
				);
				GCC_WARN_64_TO_32_BIT_CONVERSION = YES;
				GCC_WARN_ABOUT_RETURN_TYPE = YES_ERROR;
				GCC_WARN_UNDECLARED_SELECTOR = YES;
				GCC_WARN_UNINITIALIZED_AUTOS = YES_AGGRESSIVE;
				GCC_WARN_UNUSED_FUNCTION = YES;
				GCC_WARN_UNUSED_VARIABLE = YES;
				IPHONEOS_DEPLOYMENT_TARGET = 12.2;
				MTL_ENABLE_DEBUG_INFO = INCLUDE_SOURCE;
				MTL_FAST_MATH = YES;
				ONLY_ACTIVE_ARCH = YES;
				SDKROOT = iphoneos;
				SWIFT_ACTIVE_COMPILATION_CONDITIONS = DEBUG;
				SWIFT_OPTIMIZATION_LEVEL = "-Onone";
			};
			name = Debug;
		};
		544FB8072306503900A8D997 /* Release */ = {
			isa = XCBuildConfiguration;
			buildSettings = {
				ALWAYS_SEARCH_USER_PATHS = NO;
				CLANG_ANALYZER_NONNULL = YES;
				CLANG_ANALYZER_NUMBER_OBJECT_CONVERSION = YES_AGGRESSIVE;
				CLANG_CXX_LANGUAGE_STANDARD = "gnu++14";
				CLANG_CXX_LIBRARY = "libc++";
				CLANG_ENABLE_MODULES = YES;
				CLANG_ENABLE_OBJC_ARC = YES;
				CLANG_ENABLE_OBJC_WEAK = YES;
				CLANG_WARN_BLOCK_CAPTURE_AUTORELEASING = YES;
				CLANG_WARN_BOOL_CONVERSION = YES;
				CLANG_WARN_COMMA = YES;
				CLANG_WARN_CONSTANT_CONVERSION = YES;
				CLANG_WARN_DEPRECATED_OBJC_IMPLEMENTATIONS = YES;
				CLANG_WARN_DIRECT_OBJC_ISA_USAGE = YES_ERROR;
				CLANG_WARN_DOCUMENTATION_COMMENTS = YES;
				CLANG_WARN_EMPTY_BODY = YES;
				CLANG_WARN_ENUM_CONVERSION = YES;
				CLANG_WARN_INFINITE_RECURSION = YES;
				CLANG_WARN_INT_CONVERSION = YES;
				CLANG_WARN_NON_LITERAL_NULL_CONVERSION = YES;
				CLANG_WARN_OBJC_IMPLICIT_RETAIN_SELF = YES;
				CLANG_WARN_OBJC_LITERAL_CONVERSION = YES;
				CLANG_WARN_OBJC_ROOT_CLASS = YES_ERROR;
				CLANG_WARN_RANGE_LOOP_ANALYSIS = YES;
				CLANG_WARN_STRICT_PROTOTYPES = YES;
				CLANG_WARN_SUSPICIOUS_MOVE = YES;
				CLANG_WARN_UNGUARDED_AVAILABILITY = YES_AGGRESSIVE;
				CLANG_WARN_UNREACHABLE_CODE = YES;
				CLANG_WARN__DUPLICATE_METHOD_MATCH = YES;
				CODE_SIGN_IDENTITY = "iPhone Developer";
				COPY_PHASE_STRIP = NO;
				DEBUG_INFORMATION_FORMAT = "dwarf-with-dsym";
				ENABLE_NS_ASSERTIONS = NO;
				ENABLE_STRICT_OBJC_MSGSEND = YES;
				GCC_C_LANGUAGE_STANDARD = gnu11;
				GCC_NO_COMMON_BLOCKS = YES;
				GCC_WARN_64_TO_32_BIT_CONVERSION = YES;
				GCC_WARN_ABOUT_RETURN_TYPE = YES_ERROR;
				GCC_WARN_UNDECLARED_SELECTOR = YES;
				GCC_WARN_UNINITIALIZED_AUTOS = YES_AGGRESSIVE;
				GCC_WARN_UNUSED_FUNCTION = YES;
				GCC_WARN_UNUSED_VARIABLE = YES;
				IPHONEOS_DEPLOYMENT_TARGET = 12.2;
				MTL_ENABLE_DEBUG_INFO = NO;
				MTL_FAST_MATH = YES;
				SDKROOT = iphoneos;
				SWIFT_COMPILATION_MODE = wholemodule;
				SWIFT_OPTIMIZATION_LEVEL = "-O";
				VALIDATE_PRODUCT = YES;
			};
			name = Release;
		};
		544FB8092306503900A8D997 /* Debug */ = {
			isa = XCBuildConfiguration;
			buildSettings = {
				ASSETCATALOG_COMPILER_APPICON_NAME = AppIcon;
				CODE_SIGN_STYLE = Automatic;
				DEVELOPMENT_TEAM = B7W2AZCND9;
				INFOPLIST_FILE = BaseMVP/Info.plist;
				IPHONEOS_DEPLOYMENT_TARGET = 10.0;
				LD_RUNPATH_SEARCH_PATHS = (
					"$(inherited)",
					"@executable_path/Frameworks",
				);
				PRODUCT_BUNDLE_IDENTIFIER = com.chungtv.BaseMVP;
				PRODUCT_NAME = "$(TARGET_NAME)";
				SWIFT_VERSION = 5.0;
				TARGETED_DEVICE_FAMILY = "1,2";
			};
			name = Debug;
		};
		544FB80A2306503900A8D997 /* Release */ = {
			isa = XCBuildConfiguration;
			buildSettings = {
				ASSETCATALOG_COMPILER_APPICON_NAME = AppIcon;
				CODE_SIGN_STYLE = Automatic;
				DEVELOPMENT_TEAM = B7W2AZCND9;
				INFOPLIST_FILE = BaseMVP/Info.plist;
				IPHONEOS_DEPLOYMENT_TARGET = 10.0;
				LD_RUNPATH_SEARCH_PATHS = (
					"$(inherited)",
					"@executable_path/Frameworks",
				);
				PRODUCT_BUNDLE_IDENTIFIER = com.chungtv.BaseMVP;
				PRODUCT_NAME = "$(TARGET_NAME)";
				SWIFT_VERSION = 5.0;
				TARGETED_DEVICE_FAMILY = "1,2";
			};
			name = Release;
		};
/* End XCBuildConfiguration section */

/* Begin XCConfigurationList section */
		544FB7F12306503800A8D997 /* Build configuration list for PBXProject "BaseMVP" */ = {
			isa = XCConfigurationList;
			buildConfigurations = (
				544FB8062306503900A8D997 /* Debug */,
				544FB8072306503900A8D997 /* Release */,
			);
			defaultConfigurationIsVisible = 0;
			defaultConfigurationName = Release;
		};
		544FB8082306503900A8D997 /* Build configuration list for PBXNativeTarget "BaseMVP" */ = {
			isa = XCConfigurationList;
			buildConfigurations = (
				544FB8092306503900A8D997 /* Debug */,
				544FB80A2306503900A8D997 /* Release */,
			);
			defaultConfigurationIsVisible = 0;
			defaultConfigurationName = Release;
		};
/* End XCConfigurationList section */
	};
	rootObject = 544FB7EE2306503800A8D997 /* Project object */;
}
